schema: '2.0'
stages:
  data_ingestion:
    cmd: python src/data/data_ingestion.py
    deps:
    - path: src/data/data_ingestion.py
      hash: md5
      md5: 71a90305df6cd04a2b439d9234f91f96
      size: 3516
    params:
      params.yaml:
        data_ingestion.test_size: 0.2
    outs:
    - path: data/raw
      hash: md5
      md5: 6d7c9717b531961233cd66af69381384.dir
      size: 817597
      nfiles: 2
  data_preprocessing:
    cmd: python src/data/data_preprocessing.py
    deps:
    - path: data/raw
      hash: md5
      md5: 6d7c9717b531961233cd66af69381384.dir
      size: 817597
      nfiles: 2
    - path: src/data/data_preprocessing.py
      hash: md5
      md5: 67d384139268fb1287957ac0ad378953
      size: 3889
    outs:
    - path: data/interim
      hash: md5
      md5: 94e5f89803f9da6e0be502e0765c11ba.dir
      size: 555834
      nfiles: 2
  feature_engineering:
    cmd: python src/features/feature_engineering.py
    deps:
    - path: data/interim
      hash: md5
      md5: 94e5f89803f9da6e0be502e0765c11ba.dir
      size: 555834
      nfiles: 2
    - path: src/features/feature_engineering.py
      hash: md5
      md5: 9f2d212d15cdcbee3e6b77fb10b4eafe
      size: 3673
    params:
      params.yaml:
        feature_engineering.max_features: 50
    outs:
    - path: data/processed
      hash: md5
      md5: 6392a18f76d9dbc7cca6b97ecf5929f1.dir
      size: 1058440
      nfiles: 2
  model_building:
    cmd: python src/models/model_building.py
    deps:
    - path: data/processed
      hash: md5
      md5: 6392a18f76d9dbc7cca6b97ecf5929f1.dir
      size: 1058440
      nfiles: 2
    - path: src/models/model_building.py
      hash: md5
      md5: 6e256c9cd8b416f16a80b7ab84b0c417
      size: 3114
    params:
      params.yaml:
        model_building.learning_rate: 0.1
        model_building.n_estimators: 25
    outs:
    - path: models/model.pkl
      hash: md5
      md5: c8949d7bdcaef6b8a4727697739511bd
      size: 39956
  model_evaluation:
    cmd: python src/models/model_evaluation.py
    deps:
    - path: models/model.pkl
      hash: md5
      md5: c8949d7bdcaef6b8a4727697739511bd
      size: 39956
    - path: src/models/model_evaluation.py
      hash: md5
      md5: a55e9affa88e8cd17e2ee0bda0bf52b6
      size: 3270
    outs:
    - path: reports/metrics.json
      hash: md5
      md5: efe92d7bc7b3578f31da8b61bf93a4d2
      size: 139
